# THIS IS AN AUTOGENERATED FILE. DO NOT EDIT THIS FILE DIRECTLY.
# yarn lockfile v1


"@angular/common@^4.0.0":
  version "4.1.0"
  resolved "http://registry.npm.taobao.org/@angular/common/download/@angular/common-4.1.0.tgz#4370f569e51ddd99963b7f4aa58c1a5dcc5fea52"

"@angular/core@^4.0.0":
  version "4.1.0"
  resolved "http://registry.npm.taobao.org/@angular/core/download/@angular/core-4.1.0.tgz#72ec173316879571880c9c483ed6dfc0caab94b0"

ajv@4.11.6:
  version "4.11.6"
  resolved "http://registry.npm.taobao.org/ajv/download/ajv-4.11.6.tgz#947e93049790942b2a2d60a8289b28924d39f987"
  dependencies:
    co "^4.6.0"
    json-stable-stringify "^1.0.1"

brace@0.10.0:
  version "0.10.0"
  resolved "http://registry.npm.taobao.org/brace/download/brace-0.10.0.tgz#edef4eb9b0928ba1ee5f717ffc157749a6dd5d76"
  dependencies:
    w3c-blob "0.0.1"

co@^4.6.0:
  version "4.6.0"
  resolved "http://registry.npm.taobao.org/co/download/co-4.6.0.tgz#6ea6bdf3d853ae54ccb8e47bfa0bf3f9031fb184"

javascript-natural-sort@0.7.1:
  version "0.7.1"
  resolved "http://registry.npm.taobao.org/javascript-natural-sort/download/javascript-natural-sort-0.7.1.tgz#f9e2303d4507f6d74355a73664d1440fb5a0ef59"

json-stable-stringify@^1.0.1:
  version "1.0.1"
  resolved "http://registry.npm.taobao.org/json-stable-stringify/download/json-stable-stringify-1.0.1.tgz#9a759d39c5f2ff503fd5300646ed445f88c4f9af"
  dependencies:
    jsonify "~0.0.0"

jsoneditor@^5.6.0:
  version "5.6.0"
  resolved "http://registry.npm.taobao.org/jsoneditor/download/jsoneditor-5.6.0.tgz#b7df2ad1289486b0b3b0368da8b551e0f0b31ed6"
  dependencies:
    ajv "4.11.6"
    brace "0.10.0"
    javascript-natural-sort "0.7.1"

jsonify@~0.0.0:
  version "0.0.0"
  resolved "http://registry.npm.taobao.org/jsonify/download/jsonify-0.0.0.tgz#2c74b6ee41d93ca51b7b5aaee8f503631d252a73"

rxjs@^5.3.0:
  version "5.3.0"
  resolved "http://registry.npm.taobao.org/rxjs/download/rxjs-5.3.0.tgz#d88ccbdd46af290cbdb97d5d8055e52453fabe2d"
  dependencies:
    symbol-observable "^1.0.1"

symbol-observable@^1.0.1:
  version "1.0.4"
  resolved "http://registry.npm.taobao.org/symbol-observable/download/symbol-observable-1.0.4.tgz#29bf615d4aa7121bdd898b22d4b3f9bc4e2aa03d"

typescript@^2.3.1:
  version "2.3.1"
  resolved "http://registry.npm.taobao.org/typescript/download/typescript-2.3.1.tgz#e3361fb395c6c3f9c69faeeabc9503f8bdecaea1"

w3c-blob@0.0.1:
  version "0.0.1"
  resolved "http://registry.npm.taobao.org/w3c-blob/download/w3c-blob-0.0.1.tgz#b0cd352a1a50f515563420ffd5861f950f1d85b8"
